
Microsoft Visual Studio Solution File, Format Version 12.00
# Visual Studio Version 16
VisualStudioVersion = 16.0.31515.178
MinimumVisualStudioVersion = 10.0.40219.1
Project("{FAE04EC0-301F-11D3-BF4B-00C04F79EFBC}") = "Diet.App.Api.Service", "Diet.App.Api.Service\Diet.App.Api.Service.csproj", "{56705B67-6DDC-4300-9595-DD0E3F79F171}"
EndProject
Project("{FAE04EC0-301F-11D3-BF4B-00C04F79EFBC}") = "Diet.App.Api.Security", "Diet.App.Api.Security\Diet.App.Api.Security.csproj", "{81172F89-F895-4FFC-B95C-D065D4AAD2D8}"
EndProject
Global
	GlobalSection(SolutionConfigurationPlatforms) = preSolution
		Debug|Any CPU = Debug|Any CPU
		Release|Any CPU = Release|Any CPU
	EndGlobalSection
	GlobalSection(ProjectConfigurationPlatforms) = postSolution
		{56705B67-6DDC-4300-9595-DD0E3F79F171}.Debug|Any CPU.ActiveCfg = Debug|Any CPU
		{56705B67-6DDC-4300-9595-DD0E3F79F171}.Debug|Any CPU.Build.0 = Debug|Any CPU
		{56705B67-6DDC-4300-9595-DD0E3F79F171}.Release|Any CPU.ActiveCfg = Release|Any CPU
		{56705B67-6DDC-4300-9595-DD0E3F79F171}.Release|Any CPU.Build.0 = Release|Any CPU
		{81172F89-F895-4FFC-B95C-D065D4AAD2D8}.Debug|Any CPU.ActiveCfg = Debug|Any CPU
		{81172F89-F895-4FFC-B95C-D065D4AAD2D8}.Debug|Any CPU.Build.0 = Debug|Any CPU
		{81172F89-F895-4FFC-B95C-D065D4AAD2D8}.Release|Any CPU.ActiveCfg = Release|Any CPU
		{81172F89-F895-4FFC-B95C-D065D4AAD2D8}.Release|Any CPU.Build.0 = Release|Any CPU
	EndGlobalSection
	GlobalSection(SolutionProperties) = preSolution
		HideSolutionNode = FALSE
	EndGlobalSection
	GlobalSection(ExtensibilityGlobals) = postSolution
		SolutionGuid = {6E31104F-AC4F-4858-ABDB-BD299DBD2E91}
	EndGlobalSection
EndGlobal
